{
  "name": "xpr",
  "lockfileVersion": 2,
  "requires": true,
  "packages": {
    "": {
      "devDependencies": {
        "husky": "^7.0.4"
      }
    },
    "node_modules/husky": {
      "version": "7.0.4",
      "resolved": "https://zoominfo.jfrog.io/artifactory/api/npm/virtual-npm/husky/-/husky-7.0.4.tgz",
      "integrity": "sha1-JCBIJF3EnI+xvwzHz7mN1yJTFTU=",
      "dev": true,
      "license": "MIT",
      "bin": {
        "husky": "lib/bin.js"
      },
      "engines": {
        "node": ">=12"
      },
      "funding": {
        "url": "https://github.com/sponsors/typicode"
      }
    }
  },
  "dependencies": {
    "husky": {
      "version": "7.0.4",
      "resolved": "https://zoominfo.jfrog.io/artifactory/api/npm/virtual-npm/husky/-/husky-7.0.4.tgz",
      "integrity": "sha1-JCBIJF3EnI+xvwzHz7mN1yJTFTU=",
      "dev": true
    }
  }
}
